
Microsoft Visual Studio Solution File, Format Version 12.00
# Visual Studio Version 17
VisualStudioVersion = 17.11.35208.52
MinimumVisualStudioVersion = 10.0.40219.1
Project("{FAE04EC0-301F-11D3-BF4B-00C04F79EFBC}") = "TallerenClase", "TallerenClase\TallerenClase.csproj", "{949514B8-E35A-4364-9748-F7ACD8DDBA25}"
EndProject
Global
	GlobalSection(SolutionConfigurationPlatforms) = preSolution
		Debug|Any CPU = Debug|Any CPU
		Release|Any CPU = Release|Any CPU
	EndGlobalSection
	GlobalSection(ProjectConfigurationPlatforms) = postSolution
		{949514B8-E35A-4364-9748-F7ACD8DDBA25}.Debug|Any CPU.ActiveCfg = Debug|Any CPU
		{949514B8-E35A-4364-9748-F7ACD8DDBA25}.Debug|Any CPU.Build.0 = Debug|Any CPU
		{949514B8-E35A-4364-9748-F7ACD8DDBA25}.Release|Any CPU.ActiveCfg = Release|Any CPU
		{949514B8-E35A-4364-9748-F7ACD8DDBA25}.Release|Any CPU.Build.0 = Release|Any CPU
	EndGlobalSection
	GlobalSection(SolutionProperties) = preSolution
		HideSolutionNode = FALSE
	EndGlobalSection
	GlobalSection(ExtensibilityGlobals) = postSolution
		SolutionGuid = {29D7BE65-71D0-40D1-8DA8-9F224A0283C8}
	EndGlobalSection
EndGlobal
